// !$*UTF8*$!
{
	archiveVersion = 1;
	classes = {
	};
	objectVersion = 46;
	objects = {

/* Begin PBXBuildFile section */
		3E5F5FF41FF8894D0083830E /* JXAStarSearcher.m in Sources */ = {isa = PBXBuildFile; fileRef = 3E5F5FE41FF8894D0083830E /* JXAStarSearcher.m */; };
		3E5F5FF51FF8894D0083830E /* JXPathSearcher.m in Sources */ = {isa = PBXBuildFile; fileRef = 3E5F5FE61FF8894D0083830E /* JXPathSearcher.m */; };
		3E5F5FF61FF8894D0083830E /* JXPriorityQueue.m in Sources */ = {isa = PBXBuildFile; fileRef = 3E5F5FE91FF8894D0083830E /* JXPriorityQueue.m */; };
		3E5F5FF71FF8894D0083830E /* PiecesStatus.m in Sources */ = {isa = PBXBuildFile; fileRef = 3E5F5FEB1FF8894D0083830E /* PiecesStatus.m */; };
		3E5F5FF81FF8894D0083830E /* SZcollectionViewDelegate.m in Sources */ = {isa = PBXBuildFile; fileRef = 3E5F5FED1FF8894D0083830E /* SZcollectionViewDelegate.m */; };
		3E5F5FF91FF8894D0083830E /* SZSquareCell.m in Sources */ = {isa = PBXBuildFile; fileRef = 3E5F5FEF1FF8894D0083830E /* SZSquareCell.m */; };
		3E5F5FFA1FF8894D0083830E /* SZSquareModel.m in Sources */ = {isa = PBXBuildFile; fileRef = 3E5F5FF11FF8894D0083830E /* SZSquareModel.m */; };
		3E5F5FFB1FF8894D0083830E /* UIImage+tools.m in Sources */ = {isa = PBXBuildFile; fileRef = 3E5F5FF31FF8894D0083830E /* UIImage+tools.m */; };
		3EDAF1A81FF67ADC00EF6EED /* main.m in Sources */ = {isa = PBXBuildFile; fileRef = 3EDAF1A71FF67ADC00EF6EED /* main.m */; };
		3EDAF1AB1FF67ADC00EF6EED /* AppDelegate.m in Sources */ = {isa = PBXBuildFile; fileRef = 3EDAF1AA1FF67ADC00EF6EED /* AppDelegate.m */; };
		3EDAF1AE1FF67ADC00EF6EED /* ViewController.m in Sources */ = {isa = PBXBuildFile; fileRef = 3EDAF1AD1FF67ADC00EF6EED /* ViewController.m */; };
		3EDAF1B11FF67ADC00EF6EED /* Main.storyboard in Resources */ = {isa = PBXBuildFile; fileRef = 3EDAF1AF1FF67ADC00EF6EED /* Main.storyboard */; };
		3EDAF1B31FF67ADC00EF6EED /* Assets.xcassets in Resources */ = {isa = PBXBuildFile; fileRef = 3EDAF1B21FF67ADC00EF6EED /* Assets.xcassets */; };
/* End PBXBuildFile section */

/* Begin PBXFileReference section */
		3E5F5FE31FF8894D0083830E /* JXAStarSearcher.h */ = {isa = PBXFileReference; fileEncoding = 4; lastKnownFileType = sourcecode.c.h; path = JXAStarSearcher.h; sourceTree = "<group>"; };
		3E5F5FE41FF8894D0083830E /* JXAStarSearcher.m */ = {isa = PBXFileReference; fileEncoding = 4; lastKnownFileType = sourcecode.c.objc; path = JXAStarSearcher.m; sourceTree = "<group>"; };
		3E5F5FE51FF8894D0083830E /* JXPathSearcher.h */ = {isa = PBXFileReference; fileEncoding = 4; lastKnownFileType = sourcecode.c.h; path = JXPathSearcher.h; sourceTree = "<group>"; };
		3E5F5FE61FF8894D0083830E /* JXPathSearcher.m */ = {isa = PBXFileReference; fileEncoding = 4; lastKnownFileType = sourcecode.c.objc; path = JXPathSearcher.m; sourceTree = "<group>"; };
		3E5F5FE81FF8894D0083830E /* JXPriorityQueue.h */ = {isa = PBXFileReference; fileEncoding = 4; lastKnownFileType = sourcecode.c.h; path = JXPriorityQueue.h; sourceTree = "<group>"; };
		3E5F5FE91FF8894D0083830E /* JXPriorityQueue.m */ = {isa = PBXFileReference; fileEncoding = 4; lastKnownFileType = sourcecode.c.objc; path = JXPriorityQueue.m; sourceTree = "<group>"; };
		3E5F5FEA1FF8894D0083830E /* PiecesStatus.h */ = {isa = PBXFileReference; fileEncoding = 4; lastKnownFileType = sourcecode.c.h; path = PiecesStatus.h; sourceTree = "<group>"; };
		3E5F5FEB1FF8894D0083830E /* PiecesStatus.m */ = {isa = PBXFileReference; fileEncoding = 4; lastKnownFileType = sourcecode.c.objc; path = PiecesStatus.m; sourceTree = "<group>"; };
		3E5F5FEC1FF8894D0083830E /* SZcollectionViewDelegate.h */ = {isa = PBXFileReference; fileEncoding = 4; lastKnownFileType = sourcecode.c.h; path = SZcollectionViewDelegate.h; sourceTree = "<group>"; };
		3E5F5FED1FF8894D0083830E /* SZcollectionViewDelegate.m */ = {isa = PBXFileReference; fileEncoding = 4; lastKnownFileType = sourcecode.c.objc; path = SZcollectionViewDelegate.m; sourceTree = "<group>"; };
		3E5F5FEE1FF8894D0083830E /* SZSquareCell.h */ = {isa = PBXFileReference; fileEncoding = 4; lastKnownFileType = sourcecode.c.h; path = SZSquareCell.h; sourceTree = "<group>"; };
		3E5F5FEF1FF8894D0083830E /* SZSquareCell.m */ = {isa = PBXFileReference; fileEncoding = 4; lastKnownFileType = sourcecode.c.objc; path = SZSquareCell.m; sourceTree = "<group>"; };
		3E5F5FF01FF8894D0083830E /* SZSquareModel.h */ = {isa = PBXFileReference; fileEncoding = 4; lastKnownFileType = sourcecode.c.h; path = SZSquareModel.h; sourceTree = "<group>"; };
		3E5F5FF11FF8894D0083830E /* SZSquareModel.m */ = {isa = PBXFileReference; fileEncoding = 4; lastKnownFileType = sourcecode.c.objc; path = SZSquareModel.m; sourceTree = "<group>"; };
		3E5F5FF21FF8894D0083830E /* UIImage+tools.h */ = {isa = PBXFileReference; fileEncoding = 4; lastKnownFileType = sourcecode.c.h; path = "UIImage+tools.h"; sourceTree = "<group>"; };
		3E5F5FF31FF8894D0083830E /* UIImage+tools.m */ = {isa = PBXFileReference; fileEncoding = 4; lastKnownFileType = sourcecode.c.objc; path = "UIImage+tools.m"; sourceTree = "<group>"; };
		3EDAF1A31FF67ADC00EF6EED /* PuzzleGame.app */ = {isa = PBXFileReference; explicitFileType = wrapper.application; includeInIndex = 0; path = PuzzleGame.app; sourceTree = BUILT_PRODUCTS_DIR; };
		3EDAF1A71FF67ADC00EF6EED /* main.m */ = {isa = PBXFileReference; lastKnownFileType = sourcecode.c.objc; path = main.m; sourceTree = "<group>"; };
		3EDAF1A91FF67ADC00EF6EED /* AppDelegate.h */ = {isa = PBXFileReference; lastKnownFileType = sourcecode.c.h; path = AppDelegate.h; sourceTree = "<group>"; };
		3EDAF1AA1FF67ADC00EF6EED /* AppDelegate.m */ = {isa = PBXFileReference; lastKnownFileType = sourcecode.c.objc; path = AppDelegate.m; sourceTree = "<group>"; };
		3EDAF1AC1FF67ADC00EF6EED /* ViewController.h */ = {isa = PBXFileReference; lastKnownFileType = sourcecode.c.h; path = ViewController.h; sourceTree = "<group>"; };
		3EDAF1AD1FF67ADC00EF6EED /* ViewController.m */ = {isa = PBXFileReference; lastKnownFileType = sourcecode.c.objc; path = ViewController.m; sourceTree = "<group>"; };
		3EDAF1B01FF67ADC00EF6EED /* Base */ = {isa = PBXFileReference; lastKnownFileType = file.storyboard; name = Base; path = Base.lproj/Main.storyboard; sourceTree = "<group>"; };
		3EDAF1B21FF67ADC00EF6EED /* Assets.xcassets */ = {isa = PBXFileReference; lastKnownFileType = folder.assetcatalog; path = Assets.xcassets; sourceTree = "<group>"; };
		3EDAF1B71FF67ADC00EF6EED /* Info.plist */ = {isa = PBXFileReference; lastKnownFileType = text.plist.xml; path = Info.plist; sourceTree = "<group>"; };
/* End PBXFileReference section */

/* Begin PBXFrameworksBuildPhase section */
		3EDAF1A01FF67ADC00EF6EED /* Frameworks */ = {
			isa = PBXFrameworksBuildPhase;
			buildActionMask = 2147483647;
			files = (
			);
			runOnlyForDeploymentPostprocessing = 0;
		};
/* End PBXFrameworksBuildPhase section */

/* Begin PBXGroup section */
		3E5F5FE21FF8894D0083830E /* JXPatchSearch */ = {
			isa = PBXGroup;
			children = (
				3E5F5FE31FF8894D0083830E /* JXAStarSearcher.h */,
				3E5F5FE41FF8894D0083830E /* JXAStarSearcher.m */,
				3E5F5FE51FF8894D0083830E /* JXPathSearcher.h */,
				3E5F5FE61FF8894D0083830E /* JXPathSearcher.m */,
			);
			path = JXPatchSearch;
			sourceTree = "<group>";
		};
		3E5F5FE71FF8894D0083830E /* JXPriorityQueue */ = {
			isa = PBXGroup;
			children = (
				3E5F5FE81FF8894D0083830E /* JXPriorityQueue.h */,
				3E5F5FE91FF8894D0083830E /* JXPriorityQueue.m */,
			);
			path = JXPriorityQueue;
			sourceTree = "<group>";
		};
		3EDAF19A1FF67ADC00EF6EED = {
			isa = PBXGroup;
			children = (
				3EDAF1A51FF67ADC00EF6EED /* PuzzleGame */,
				3EDAF1A41FF67ADC00EF6EED /* Products */,
			);
			sourceTree = "<group>";
		};
		3EDAF1A41FF67ADC00EF6EED /* Products */ = {
			isa = PBXGroup;
			children = (
				3EDAF1A31FF67ADC00EF6EED /* PuzzleGame.app */,
			);
			name = Products;
			sourceTree = "<group>";
		};
		3EDAF1A51FF67ADC00EF6EED /* PuzzleGame */ = {
			isa = PBXGroup;
			children = (
				3E5F5FE21FF8894D0083830E /* JXPatchSearch */,
				3E5F5FE71FF8894D0083830E /* JXPriorityQueue */,
				3E5F5FEA1FF8894D0083830E /* PiecesStatus.h */,
				3E5F5FEB1FF8894D0083830E /* PiecesStatus.m */,
				3E5F5FEC1FF8894D0083830E /* SZcollectionViewDelegate.h */,
				3E5F5FED1FF8894D0083830E /* SZcollectionViewDelegate.m */,
				3E5F5FEE1FF8894D0083830E /* SZSquareCell.h */,
				3E5F5FEF1FF8894D0083830E /* SZSquareCell.m */,
				3E5F5FF01FF8894D0083830E /* SZSquareModel.h */,
				3E5F5FF11FF8894D0083830E /* SZSquareModel.m */,
				3E5F5FF21FF8894D0083830E /* UIImage+tools.h */,
				3E5F5FF31FF8894D0083830E /* UIImage+tools.m */,
				3EDAF1A91FF67ADC00EF6EED /* AppDelegate.h */,
				3EDAF1AA1FF67ADC00EF6EED /* AppDelegate.m */,
				3EDAF1AC1FF67ADC00EF6EED /* ViewController.h */,
				3EDAF1AD1FF67ADC00EF6EED /* ViewController.m */,
				3EDAF1AF1FF67ADC00EF6EED /* Main.storyboard */,
				3EDAF1B21FF67ADC00EF6EED /* Assets.xcassets */,
				3EDAF1B71FF67ADC00EF6EED /* Info.plist */,
				3EDAF1A61FF67ADC00EF6EED /* Supporting Files */,
			);
			path = PuzzleGame;
			sourceTree = "<group>";
		};
		3EDAF1A61FF67ADC00EF6EED /* Supporting Files */ = {
			isa = PBXGroup;
			children = (
				3EDAF1A71FF67ADC00EF6EED /* main.m */,
			);
			name = "Supporting Files";
			sourceTree = "<group>";
		};
/* End PBXGroup section */

/* Begin PBXNativeTarget section */
		3EDAF1A21FF67ADC00EF6EED /* PuzzleGame */ = {
			isa = PBXNativeTarget;
			buildConfigurationList = 3EDAF1BA1FF67ADC00EF6EED /* Build configuration list for PBXNativeTarget "PuzzleGame" */;
			buildPhases = (
				3EDAF19F1FF67ADC00EF6EED /* Sources */,
				3EDAF1A01FF67ADC00EF6EED /* Frameworks */,
				3EDAF1A11FF67ADC00EF6EED /* Resources */,
			);
			buildRules = (
			);
			dependencies = (
			);
			name = PuzzleGame;
			productName = PuzzleGame;
			productReference = 3EDAF1A31FF67ADC00EF6EED /* PuzzleGame.app */;
			productType = "com.apple.product-type.application";
		};
/* End PBXNativeTarget section */

/* Begin PBXProject section */
		3EDAF19B1FF67ADC00EF6EED /* Project object */ = {
			isa = PBXProject;
			attributes = {
				LastUpgradeCheck = 0730;
				ORGANIZATIONNAME = shizhi;
				TargetAttributes = {
					3EDAF1A21FF67ADC00EF6EED = {
						CreatedOnToolsVersion = 7.3;
					};
				};
			};
			buildConfigurationList = 3EDAF19E1FF67ADC00EF6EED /* Build configuration list for PBXProject "PuzzleGame" */;
			compatibilityVersion = "Xcode 3.2";
			developmentRegion = English;
			hasScannedForEncodings = 0;
			knownRegions = (
				en,
				Base,
			);
			mainGroup = 3EDAF19A1FF67ADC00EF6EED;
			productRefGroup = 3EDAF1A41FF67ADC00EF6EED /* Products */;
			projectDirPath = "";
			projectRoot = "";
			targets = (
				3EDAF1A21FF67ADC00EF6EED /* PuzzleGame */,
			);
		};
/* End PBXProject section */

/* Begin PBXResourcesBuildPhase section */
		3EDAF1A11FF67ADC00EF6EED /* Resources */ = {
			isa = PBXResourcesBuildPhase;
			buildActionMask = 2147483647;
			files = (
				3EDAF1B31FF67ADC00EF6EED /* Assets.xcassets in Resources */,
				3EDAF1B11FF67ADC00EF6EED /* Main.storyboard in Resources */,
			);
			runOnlyForDeploymentPostprocessing = 0;
		};
/* End PBXResourcesBuildPhase section */

/* Begin PBXSourcesBuildPhase section */
		3EDAF19F1FF67ADC00EF6EED /* Sources */ = {
			isa = PBXSourcesBuildPhase;
			buildActionMask = 2147483647;
			files = (
				3E5F5FF91FF8894D0083830E /* SZSquareCell.m in Sources */,
				3E5F5FF71FF8894D0083830E /* PiecesStatus.m in Sources */,
				3EDAF1AE1FF67ADC00EF6EED /* ViewController.m in Sources */,
				3E5F5FFA1FF8894D0083830E /* SZSquareModel.m in Sources */,
				3E5F5FFB1FF8894D0083830E /* UIImage+tools.m in Sources */,
				3E5F5FF51FF8894D0083830E /* JXPathSearcher.m in Sources */,
				3EDAF1AB1FF67ADC00EF6EED /* AppDelegate.m in Sources */,
				3E5F5FF81FF8894D0083830E /* SZcollectionViewDelegate.m in Sources */,
				3E5F5FF41FF8894D0083830E /* JXAStarSearcher.m in Sources */,
				3EDAF1A81FF67ADC00EF6EED /* main.m in Sources */,
				3E5F5FF61FF8894D0083830E /* JXPriorityQueue.m in Sources */,
			);
			runOnlyForDeploymentPostprocessing = 0;
		};
/* End PBXSourcesBuildPhase section */

/* Begin PBXVariantGroup section */
		3EDAF1AF1FF67ADC00EF6EED /* Main.storyboard */ = {
			isa = PBXVariantGroup;
			children = (
				3EDAF1B01FF67ADC00EF6EED /* Base */,
			);
			name = Main.storyboard;
			sourceTree = "<group>";
		};
/* End PBXVariantGroup section */

/* Begin XCBuildConfiguration section */
		3EDAF1B81FF67ADC00EF6EED /* Debug */ = {
			isa = XCBuildConfiguration;
			buildSettings = {
				ALWAYS_SEARCH_USER_PATHS = NO;
				CLANG_ANALYZER_NONNULL = YES;
				CLANG_CXX_LANGUAGE_STANDARD = "gnu++0x";
				CLANG_CXX_LIBRARY = "libc++";
				CLANG_ENABLE_MODULES = YES;
				CLANG_ENABLE_OBJC_ARC = YES;
				CLANG_WARN_BOOL_CONVERSION = YES;
				CLANG_WARN_CONSTANT_CONVERSION = YES;
				CLANG_WARN_DIRECT_OBJC_ISA_USAGE = YES_ERROR;
				CLANG_WARN_EMPTY_BODY = YES;
				CLANG_WARN_ENUM_CONVERSION = YES;
				CLANG_WARN_INT_CONVERSION = YES;
				CLANG_WARN_OBJC_ROOT_CLASS = YES_ERROR;
				CLANG_WARN_UNREACHABLE_CODE = YES;
				CLANG_WARN__DUPLICATE_METHOD_MATCH = YES;
				"CODE_SIGN_IDENTITY[sdk=iphoneos*]" = "iPhone Developer";
				COPY_PHASE_STRIP = NO;
				DEBUG_INFORMATION_FORMAT = dwarf;
				ENABLE_STRICT_OBJC_MSGSEND = YES;
				ENABLE_TESTABILITY = YES;
				GCC_C_LANGUAGE_STANDARD = gnu99;
				GCC_DYNAMIC_NO_PIC = NO;
				GCC_NO_COMMON_BLOCKS = YES;
				GCC_OPTIMIZATION_LEVEL = 0;
				GCC_PREPROCESSOR_DEFINITIONS = (
					"DEBUG=1",
					"$(inherited)",
				);
				GCC_WARN_64_TO_32_BIT_CONVERSION = YES;
				GCC_WARN_ABOUT_RETURN_TYPE = YES_ERROR;
				GCC_WARN_UNDECLARED_SELECTOR = YES;
				GCC_WARN_UNINITIALIZED_AUTOS = YES_AGGRESSIVE;
				GCC_WARN_UNUSED_FUNCTION = YES;
				GCC_WARN_UNUSED_VARIABLE = YES;
				IPHONEOS_DEPLOYMENT_TARGET = 9.3;
				MTL_ENABLE_DEBUG_INFO = YES;
				ONLY_ACTIVE_ARCH = YES;
				SDKROOT = iphoneos;
			};
			name = Debug;
		};
		3EDAF1B91FF67ADC00EF6EED /* Release */ = {
			isa = XCBuildConfiguration;
			buildSettings = {
				ALWAYS_SEARCH_USER_PATHS = NO;
				CLANG_ANALYZER_NONNULL = YES;
				CLANG_CXX_LANGUAGE_STANDARD = "gnu++0x";
				CLANG_CXX_LIBRARY = "libc++";
				CLANG_ENABLE_MODULES = YES;
				CLANG_ENABLE_OBJC_ARC = YES;
				CLANG_WARN_BOOL_CONVERSION = YES;
				CLANG_WARN_CONSTANT_CONVERSION = YES;
				CLANG_WARN_DIRECT_OBJC_ISA_USAGE = YES_ERROR;
				CLANG_WARN_EMPTY_BODY = YES;
				CLANG_WARN_ENUM_CONVERSION = YES;
				CLANG_WARN_INT_CONVERSION = YES;
				CLANG_WARN_OBJC_ROOT_CLASS = YES_ERROR;
				CLANG_WARN_UNREACHABLE_CODE = YES;
				CLANG_WARN__DUPLICATE_METHOD_MATCH = YES;
				"CODE_SIGN_IDENTITY[sdk=iphoneos*]" = "iPhone Developer";
				COPY_PHASE_STRIP = NO;
				DEBUG_INFORMATION_FORMAT = "dwarf-with-dsym";
				ENABLE_NS_ASSERTIONS = NO;
				ENABLE_STRICT_OBJC_MSGSEND = YES;
				GCC_C_LANGUAGE_STANDARD = gnu99;
				GCC_NO_COMMON_BLOCKS = YES;
				GCC_WARN_64_TO_32_BIT_CONVERSION = YES;
				GCC_WARN_ABOUT_RETURN_TYPE = YES_ERROR;
				GCC_WARN_UNDECLARED_SELECTOR = YES;
				GCC_WARN_UNINITIALIZED_AUTOS = YES_AGGRESSIVE;
				GCC_WARN_UNUSED_FUNCTION = YES;
				GCC_WARN_UNUSED_VARIABLE = YES;
				IPHONEOS_DEPLOYMENT_TARGET = 9.3;
				MTL_ENABLE_DEBUG_INFO = NO;
				SDKROOT = iphoneos;
				VALIDATE_PRODUCT = YES;
			};
			name = Release;
		};
		3EDAF1BB1FF67ADC00EF6EED /* Debug */ = {
			isa = XCBuildConfiguration;
			buildSettings = {
				ASSETCATALOG_COMPILER_APPICON_NAME = AppIcon;
				INFOPLIST_FILE = PuzzleGame/Info.plist;
				LD_RUNPATH_SEARCH_PATHS = "$(inherited) @executable_path/Frameworks";
				PRODUCT_BUNDLE_IDENTIFIER = com.shizhi.PuzzleGame;
				PRODUCT_NAME = "$(TARGET_NAME)";
			};
			name = Debug;
		};
		3EDAF1BC1FF67ADC00EF6EED /* Release */ = {
			isa = XCBuildConfiguration;
			buildSettings = {
				ASSETCATALOG_COMPILER_APPICON_NAME = AppIcon;
				INFOPLIST_FILE = PuzzleGame/Info.plist;
				LD_RUNPATH_SEARCH_PATHS = "$(inherited) @executable_path/Frameworks";
				PRODUCT_BUNDLE_IDENTIFIER = com.shizhi.PuzzleGame;
				PRODUCT_NAME = "$(TARGET_NAME)";
			};
			name = Release;
		};
/* End XCBuildConfiguration section */

/* Begin XCConfigurationList section */
		3EDAF19E1FF67ADC00EF6EED /* Build configuration list for PBXProject "PuzzleGame" */ = {
			isa = XCConfigurationList;
			buildConfigurations = (
				3EDAF1B81FF67ADC00EF6EED /* Debug */,
				3EDAF1B91FF67ADC00EF6EED /* Release */,
			);
			defaultConfigurationIsVisible = 0;
			defaultConfigurationName = Release;
		};
		3EDAF1BA1FF67ADC00EF6EED /* Build configuration list for PBXNativeTarget "PuzzleGame" */ = {
			isa = XCConfigurationList;
			buildConfigurations = (
				3EDAF1BB1FF67ADC00EF6EED /* Debug */,
				3EDAF1BC1FF67ADC00EF6EED /* Release */,
			);
			defaultConfigurationIsVisible = 0;
			defaultConfigurationName = Release;
		};
/* End XCConfigurationList section */
	};
	rootObject = 3EDAF19B1FF67ADC00EF6EED /* Project object */;
}
